
Microsoft Visual Studio Solution File, Format Version 12.00
# Visual Studio Version 17
VisualStudioVersion = 17.12.35527.113 d17.12
MinimumVisualStudioVersion = 10.0.40219.1
Project("{FAE04EC0-301F-11D3-BF4B-00C04F79EFBC}") = "Bookstore.Presentation", "Bookstore.Presentation\Bookstore.Presentation.csproj", "{8FFF09D3-1E42-48DE-97F2-CE3D18512747}"
EndProject
Project("{FAE04EC0-301F-11D3-BF4B-00C04F79EFBC}") = "Bookstore.Domain", "Bookstore.Domain\Bookstore.Domain.csproj", "{D5EF0565-4B41-445E-B51B-0CD16D2B7235}"
EndProject
Project("{FAE04EC0-301F-11D3-BF4B-00C04F79EFBC}") = "Bookstore.Infrastructure", "Bookstore.Infrastructure\Bookstore.Infrastructure.csproj", "{DF4C9649-5509-48E1-B54E-8CD846F85102}"
EndProject
Global
	GlobalSection(SolutionConfigurationPlatforms) = preSolution
		Debug|Any CPU = Debug|Any CPU
		Release|Any CPU = Release|Any CPU
	EndGlobalSection
	GlobalSection(ProjectConfigurationPlatforms) = postSolution
		{8FFF09D3-1E42-48DE-97F2-CE3D18512747}.Debug|Any CPU.ActiveCfg = Debug|Any CPU
		{8FFF09D3-1E42-48DE-97F2-CE3D18512747}.Debug|Any CPU.Build.0 = Debug|Any CPU
		{8FFF09D3-1E42-48DE-97F2-CE3D18512747}.Release|Any CPU.ActiveCfg = Release|Any CPU
		{8FFF09D3-1E42-48DE-97F2-CE3D18512747}.Release|Any CPU.Build.0 = Release|Any CPU
		{D5EF0565-4B41-445E-B51B-0CD16D2B7235}.Debug|Any CPU.ActiveCfg = Debug|Any CPU
		{D5EF0565-4B41-445E-B51B-0CD16D2B7235}.Debug|Any CPU.Build.0 = Debug|Any CPU
		{D5EF0565-4B41-445E-B51B-0CD16D2B7235}.Release|Any CPU.ActiveCfg = Release|Any CPU
		{D5EF0565-4B41-445E-B51B-0CD16D2B7235}.Release|Any CPU.Build.0 = Release|Any CPU
		{DF4C9649-5509-48E1-B54E-8CD846F85102}.Debug|Any CPU.ActiveCfg = Debug|Any CPU
		{DF4C9649-5509-48E1-B54E-8CD846F85102}.Debug|Any CPU.Build.0 = Debug|Any CPU
		{DF4C9649-5509-48E1-B54E-8CD846F85102}.Release|Any CPU.ActiveCfg = Release|Any CPU
		{DF4C9649-5509-48E1-B54E-8CD846F85102}.Release|Any CPU.Build.0 = Release|Any CPU
	EndGlobalSection
	GlobalSection(SolutionProperties) = preSolution
		HideSolutionNode = FALSE
	EndGlobalSection
EndGlobal
